{
  "nodes": {
    "darwin": {
      "inputs": {
        "nixpkgs": [
          "srvos",
          "nixpkgs"
        ]
      },
      "locked": {
        "lastModified": 1710281379,
        "narHash": "sha256-uFo9hxt982L3nFJeweW4Gip2esiGrIQlbvEGrNTh4AY=",
        "owner": "LnL7",
        "repo": "nix-darwin",
        "rev": "d9ea313bc4851670dc99c5cc979cb79750e7d670",
        "type": "github"
      },
      "original": {
        "owner": "LnL7",
        "repo": "nix-darwin",
        "type": "github"
      }
    },
    "flake-compat": {
      "flake": false,
      "locked": {
        "lastModified": 1696426674,
        "narHash": "sha256-kvjfFW7WAETZlt09AgDn1MrtKzP7t90Vf7vypd3OL1U=",
        "owner": "edolstra",
        "repo": "flake-compat",
        "rev": "0f9255e01c2351cc7d116c072cb317785dd33b33",
        "type": "github"
      },
      "original": {
        "owner": "edolstra",
        "repo": "flake-compat",
        "type": "github"
      }
    },
    "flake-utils": {
      "inputs": {
        "systems": "systems"
      },
      "locked": {
        "lastModified": 1710146030,
        "narHash": "sha256-SZ5L6eA7HJ/nmkzGG7/ISclqe6oZdOZTNoesiInkXPQ=",
        "owner": "numtide",
        "repo": "flake-utils",
        "rev": "b1d9ab70662946ef0850d488da1c9019f3a9752a",
        "type": "github"
      },
      "original": {
        "owner": "numtide",
        "repo": "flake-utils",
        "type": "github"
      }
    },
    "home-manager": {
      "inputs": {
        "nixpkgs": [
          "srvos",
          "nixpkgs"
        ]
      },
      "locked": {
        "lastModified": 1710423955,
        "narHash": "sha256-6N/65EqYVqCaz5SVoPMx2HgA+DJZAlw5lW+U9VHSSbE=",
        "owner": "nix-community",
        "repo": "home-manager",
        "rev": "587719494ed18a184c98c4d55dde9469af4446bf",
        "type": "github"
      },
      "original": {
        "owner": "nix-community",
        "ref": "master",
        "repo": "home-manager",
        "type": "github"
      }
    },
    "nixlib": {
      "locked": {
        "lastModified": 1710031547,
        "narHash": "sha256-pkUg3hOKuGWMGF9WEMPPN/G4pqqdbNGJQ54yhyQYDVY=",
        "owner": "nix-community",
        "repo": "nixpkgs.lib",
        "rev": "630ebdc047ca96d8126e16bb664c7730dc52f6e6",
        "type": "github"
      },
      "original": {
        "owner": "nix-community",
        "repo": "nixpkgs.lib",
        "type": "github"
      }
    },
    "nixos-generators": {
      "inputs": {
        "nixlib": "nixlib",
        "nixpkgs": [
          "srvos",
          "nixpkgs"
        ]
      },
      "locked": {
        "lastModified": 1710398463,
        "narHash": "sha256-fQlYanU84E8uwBpcoTCcLCwU8cqn0eQ7nwTcrWfSngc=",
        "owner": "nix-community",
        "repo": "nixos-generators",
        "rev": "efd4e38532b5abfaa5c9fc95c5a913157dc20ccb",
        "type": "github"
      },
      "original": {
        "owner": "nix-community",
        "repo": "nixos-generators",
        "type": "github"
      }
    },
    "nixpkgs": {
      "locked": {
        "lastModified": 1708847675,
        "narHash": "sha256-RUZ7KEs/a4EzRELYDGnRB6i7M1Izii3JD/LyzH0c6Tg=",
        "owner": "NixOS",
        "repo": "nixpkgs",
        "rev": "2a34566b67bef34c551f204063faeecc444ae9da",
        "type": "github"
      },
      "original": {
        "owner": "NixOS",
        "ref": "nixos-unstable-small",
        "repo": "nixpkgs",
        "type": "github"
      }
    },
    "nixpkgs-stable": {
      "locked": {
        "lastModified": 1701282334,
        "narHash": "sha256-MxCVrXY6v4QmfTwIysjjaX0XUhqBbxTWWB4HXtDYsdk=",
        "owner": "NixOS",
        "repo": "nixpkgs",
        "rev": "057f9aecfb71c4437d2b27d3323df7f93c010b7e",
        "type": "github"
      },
      "original": {
        "owner": "NixOS",
        "ref": "23.11",
        "repo": "nixpkgs",
        "type": "github"
      }
    },
    "nixpkgs-stable-darwin": {
      "locked": {
        "lastModified": 1710373328,
        "narHash": "sha256-84TeOyBo8HG/Qie8V3aojtqMC5Uc4loY5KIOxO0f6xk=",
        "owner": "NixOS",
        "repo": "nixpkgs",
        "rev": "446d09bfe74f1c893917a67baee88d978316fbc9",
        "type": "github"
      },
      "original": {
        "owner": "NixOS",
        "ref": "nixpkgs-23.11-darwin",
        "repo": "nixpkgs",
        "type": "github"
      }
    },
    "nixpkgs-unstable": {
      "locked": {
        "lastModified": 1710272261,
        "narHash": "sha256-g0bDwXFmTE7uGDOs9HcJsfLFhH7fOsASbAuOzDC+fhQ=",
        "owner": "NixOS",
        "repo": "nixpkgs",
        "rev": "0ad13a6833440b8e238947e47bea7f11071dc2b2",
        "type": "github"
      },
      "original": {
        "owner": "NixOS",
        "ref": "nixos-unstable",
        "repo": "nixpkgs",
        "type": "github"
      }
    },
    "root": {
      "inputs": {
        "darwin": "darwin",
        "flake-compat": "flake-compat",
        "flake-utils": "flake-utils",
        "home-manager": "home-manager",
        "nixos-generators": "nixos-generators",
        "nixpkgs-srvos": [
          "srvos",
          "nixpkgs"
        ],
        "nixpkgs-stable": "nixpkgs-stable",
        "nixpkgs-stable-darwin": "nixpkgs-stable-darwin",
        "nixpkgs-unstable": "nixpkgs-unstable",
        "srvos": "srvos"
      }
    },
    "srvos": {
      "inputs": {
        "nixpkgs": "nixpkgs"
      },
      "locked": {
        "lastModified": 1708908680,
        "narHash": "sha256-/ZVHI0KviV/DtZRneFinXrfHEeAhAT1mnx3+vNFKBx8=",
        "owner": "numtide",
        "repo": "srvos",
        "rev": "b54e462b834d6c95721382a3fdb90411b0642220",
        "type": "github"
      },
      "original": {
        "owner": "numtide",
        "repo": "srvos",
        "rev": "b54e462b834d6c95721382a3fdb90411b0642220",
        "type": "github"
      }
    },
    "systems": {
      "locked": {
        "lastModified": 1681028828,
        "narHash": "sha256-Vy1rq5AaRuLzOxct8nz4T6wlgyUR7zLU309k9mBC768=",
        "owner": "nix-systems",
        "repo": "default",
        "rev": "da67096a3b9bf56a91d16901293e51ba5b49a27e",
        "type": "github"
      },
      "original": {
        "owner": "nix-systems",
        "repo": "default",
        "type": "github"
      }
    }
  },
  "root": "root",
  "version": 7
}
